{
  "name": "oss-risks-findings",
  "version": "1.0.0",
  "lockfileVersion": 3,
  "requires": true,
  "packages": {
    "": {
      "name": "oss-risks-findings",
      "version": "1.0.0",
      "dependencies": {
        "expres": "^0.0.5",
        "lodash": "^4.17.21"
      }
    },
    "node_modules/expres": {
      "version": "0.0.5",
      "resolved": "https://registry.npmjs.org/expres/-/expres-0.0.5.tgz",
      "integrity": "sha512-pK2yFc2Ke66rveH6iq6YJr63v55cFP6fs2xhoJ7RUGg+uwwApMlod3IwVm8zEtKH4ALqSvaGQF4cNemsyApd/w=="
    },
    "node_modules/lodash": {
      "version": "4.18.1",
      "resolved": "https://registry.npmjs.org/lodash/-/lodash-4.18.1.tgz",
      "integrity": "sha512-dMInicTPVE8d1e5otfwmmjlxkZoUpiVLwyeTdUsi/Caj/gfzzblBcCE5sRHV/AsjuCmxWrte2TNGSYuCeCq+0Q=="
    }
  }
}
